{
  "requires": true,
  "lockfileVersion": 1,
  "dependencies": {
    "@dash14/svg-pan-zoom": {
      "version": "3.6.4",
      "resolved": "https://registry.npmjs.org/@dash14/svg-pan-zoom/-/svg-pan-zoom-3.6.4.tgz",
      "integrity": "sha512-EbUCMQkHXKQ6wZxLHN3gXwBJunLvJPrMZC1njPOsjRxIDjjoZFJupuvdBUZsTfzxKNWVNsm2V/lV2ztfgOleBA=="
    },
    "mitt": {
      "version": "3.0.0",
      "resolved": "https://registry.npmjs.org/mitt/-/mitt-3.0.0.tgz",
      "integrity": "sha512-7dX2/10ITVyqh4aOSVI9gdape+t9l2/8QxHrFmUXu4EEUpdlxl6RudZUPZoc+zuY2hk1j7XxVroIVIan/pD/SQ=="
    },
    "v-network-graph": {
      "version": "0.3.1",
      "resolved": "https://registry.npmjs.org/v-network-graph/-/v-network-graph-0.3.1.tgz",
      "integrity": "sha512-buzREIIvkBwPlAIib67+H+PRj7kiXsBbHqGi7K92kXamAbVlnRPGt4ugwCnGJGgE2t88mjByNdF7CpJMUM4lyg==",
      "requires": {
        "@dash14/svg-pan-zoom": "^3.6.4",
        "mitt": "^3.0.0"
      }
    }
  }
}
